{
  "version": "3",
  "packages": {
    "specifiers": {
      "npm:@types/express@4": "npm:@types/express@4.17.21",
      "npm:express": "npm:express@4.18.2"
    },
    "npm": {
      "@types/body-parser@1.19.5": {
        "integrity": "sha512-fB3Zu92ucau0iQ0JMCFQE7b/dv8Ot07NI3KaZIkIUNXq82k4eBAqUaneXfleGY9JWskeS9y+u0nXMyspcuQrCg==",
        "dependencies": {
          "@types/connect": "@types/connect@3.4.38",
          "@types/node": "@types/node@18.16.19"
        }
      },
      "@types/connect@3.4.38": {
        "integrity": "sha512-K6uROf1LD88uDQqJCktA4yzL1YYAK6NgfsI0v/mTgyPKWsX1CnJ0XPSDhViejru1GcRkLWb8RlzFYJRqGUbaug==",
        "dependencies": {
          "@types/node": "@types/node@18.16.19"
        }
      },
      "@types/express-serve-static-core@4.17.43": {
        "integrity": "sha512-oaYtiBirUOPQGSWNGPWnzyAFJ0BP3cwvN4oWZQY+zUBwpVIGsKUkpBpSztp74drYcjavs7SKFZ4DX1V2QeN8rg==",
        "dependencies": {
          "@types/node": "@types/node@18.16.19",
          "@types/qs": "@types/qs@6.9.11",
          "@types/range-parser": "@types/range-parser@1.2.7",
          "@types/send": "@types/send@0.17.4"
        }
      },
      "@types/express@4.17.21": {
        "integrity": "sha512-ejlPM315qwLpaQlQDTjPdsUFSc6ZsP4AN6AlWnogPjQ7CVi7PYF3YVz+CY3jE2pwYf7E/7HlDAN0rV2GxTG0HQ==",
        "dependencies": {
          "@types/body-parser": "@types/body-parser@1.19.5",
          "@types/express-serve-static-core": "@types/express-serve-static-core@4.17.43",
          "@types/qs": "@types/qs@6.9.11",
          "@types/serve-static": "@types/serve-static@1.15.5"
        }
      },
      "@types/http-errors@2.0.4": {
        "integrity": "sha512-D0CFMMtydbJAegzOyHjtiKPLlvnm3iTZyZRSZoLq2mRhDdmLfIWOCYPfQJ4cu2erKghU++QvjcUjp/5h7hESpA==",
        "dependencies": {}
      },
      "@types/mime@1.3.5": {
        "integrity": "sha512-/pyBZWSLD2n0dcHE3hq8s8ZvcETHtEuF+3E7XVt0Ig2nvsVQXdghHVcEkIWjy9A0wKfTn97a/PSDYohKIlnP/w==",
        "dependencies": {}
      },
      "@types/mime@3.0.4": {
        "integrity": "sha512-iJt33IQnVRkqeqC7PzBHPTC6fDlRNRW8vjrgqtScAhrmMwe8c4Eo7+fUGTa+XdWrpEgpyKWMYmi2dIwMAYRzPw==",
        "dependencies": {}
      },
      "@types/node@18.16.19": {
        "integrity": "sha512-IXl7o+R9iti9eBW4Wg2hx1xQDig183jj7YLn8F7udNceyfkbn1ZxmzZXuak20gR40D7pIkIY1kYGx5VIGbaHKA==",
        "dependencies": {}
      },
      "@types/qs@6.9.11": {
        "integrity": "sha512-oGk0gmhnEJK4Yyk+oI7EfXsLayXatCWPHary1MtcmbAifkobT9cM9yutG/hZKIseOU0MqbIwQ/u2nn/Gb+ltuQ==",
        "dependencies": {}
      },
      "@types/range-parser@1.2.7": {
        "integrity": "sha512-hKormJbkJqzQGhziax5PItDUTMAM9uE2XXQmM37dyd4hVM+5aVl7oVxMVUiVQn2oCQFN/LKCZdvSM0pFRqbSmQ==",
        "dependencies": {}
      },
      "@types/send@0.17.4": {
        "integrity": "sha512-x2EM6TJOybec7c52BX0ZspPodMsQUd5L6PRwOunVyVUhXiBSKf3AezDL8Dgvgt5o0UfKNfuA0eMLr2wLT4AiBA==",
        "dependencies": {
          "@types/mime": "@types/mime@1.3.5",
          "@types/node": "@types/node@18.16.19"
        }
      },
      "@types/serve-static@1.15.5": {
        "integrity": "sha512-PDRk21MnK70hja/YF8AHfC7yIsiQHn1rcXx7ijCFBX/k+XQJhQT/gw3xekXKJvx+5SXaMMS8oqQy09Mzvz2TuQ==",
        "dependencies": {
          "@types/http-errors": "@types/http-errors@2.0.4",
          "@types/mime": "@types/mime@3.0.4",
          "@types/node": "@types/node@18.16.19"
        }
      },
      "accepts@1.3.8": {
        "integrity": "sha512-PYAthTa2m2VKxuvSD3DPC/Gy+U+sOA1LAuT8mkmRuvw+NACSaeXEQ+NHcVF7rONl6qcaxV3Uuemwawk+7+SJLw==",
        "dependencies": {
          "mime-types": "mime-types@2.1.35",
          "negotiator": "negotiator@0.6.3"
        }
      },
      "array-flatten@1.1.1": {
        "integrity": "sha512-PCVAQswWemu6UdxsDFFX/+gVeYqKAod3D3UVm91jHwynguOwAvYPhx8nNlM++NqRcK6CxxpUafjmhIdKiHibqg==",
        "dependencies": {}
      },
      "body-parser@1.20.1": {
        "integrity": "sha512-jWi7abTbYwajOytWCQc37VulmWiRae5RyTpaCyDcS5/lMdtwSz5lOpDE67srw/HYe35f1z3fDQw+3txg7gNtWw==",
        "dependencies": {
          "bytes": "bytes@3.1.2",
          "content-type": "content-type@1.0.5",
          "debug": "debug@2.6.9",
          "depd": "depd@2.0.0",
          "destroy": "destroy@1.2.0",
          "http-errors": "http-errors@2.0.0",
          "iconv-lite": "iconv-lite@0.4.24",
          "on-finished": "on-finished@2.4.1",
          "qs": "qs@6.11.0",
          "raw-body": "raw-body@2.5.1",
          "type-is": "type-is@1.6.18",
          "unpipe": "unpipe@1.0.0"
        }
      },
      "bytes@3.1.2": {
        "integrity": "sha512-/Nf7TyzTx6S3yRJObOAV7956r8cr2+Oj8AC5dt8wSP3BQAoeX58NoHyCU8P8zGkNXStjTSi6fzO6F0pBdcYbEg==",
        "dependencies": {}
      },
      "call-bind@1.0.2": {
        "integrity": "sha512-7O+FbCihrB5WGbFYesctwmTKae6rOiIzmz1icreWJ+0aA7LJfuqhEso2T9ncpcFtzMQtzXf2QGGueWJGTYsqrA==",
        "dependencies": {
          "function-bind": "function-bind@1.1.2",
          "get-intrinsic": "get-intrinsic@1.2.1"
        }
      },
      "content-disposition@0.5.4": {
        "integrity": "sha512-FveZTNuGw04cxlAiWbzi6zTAL/lhehaWbTtgluJh4/E95DqMwTmha3KZN1aAWA8cFIhHzMZUvLevkw5Rqk+tSQ==",
        "dependencies": {
          "safe-buffer": "safe-buffer@5.2.1"
        }
      },
      "content-type@1.0.5": {
        "integrity": "sha512-nTjqfcBFEipKdXCv4YDQWCfmcLZKm81ldF0pAopTvyrFGVbcR6P/VAAd5G7N+0tTr8QqiU0tFadD6FK4NtJwOA==",
        "dependencies": {}
      },
      "cookie-signature@1.0.6": {
        "integrity": "sha512-QADzlaHc8icV8I7vbaJXJwod9HWYp8uCqf1xa4OfNu1T7JVxQIrUgOWtHdNDtPiywmFbiS12VjotIXLrKM3orQ==",
        "dependencies": {}
      },
      "cookie@0.5.0": {
        "integrity": "sha512-YZ3GUyn/o8gfKJlnlX7g7xq4gyO6OSuhGPKaaGssGB2qgDUS0gPgtTvoyZLTt9Ab6dC4hfc9dV5arkvc/OCmrw==",
        "dependencies": {}
      },
      "debug@2.6.9": {
        "integrity": "sha512-bC7ElrdJaJnPbAP+1EotYvqZsb3ecl5wi6Bfi6BJTUcNowp6cvspg0jXznRTKDjm/E7AdgFBVeAPVMNcKGsHMA==",
        "dependencies": {
          "ms": "ms@2.0.0"
        }
      },
      "depd@2.0.0": {
        "integrity": "sha512-g7nH6P6dyDioJogAAGprGpCtVImJhpPk/roCzdb3fIh61/s/nPsfR6onyMwkCAR/OlC3yBC0lESvUoQEAssIrw==",
        "dependencies": {}
      },
      "destroy@1.2.0": {
        "integrity": "sha512-2sJGJTaXIIaR1w4iJSNoN0hnMY7Gpc/n8D4qSCJw8QqFWXf7cuAgnEHxBpweaVcPevC2l3KpjYCx3NypQQgaJg==",
        "dependencies": {}
      },
      "ee-first@1.1.1": {
        "integrity": "sha512-WMwm9LhRUo+WUaRN+vRuETqG89IgZphVSNkdFgeb6sS/E4OrDIN7t48CAewSHXc6C8lefD8KKfr5vY61brQlow==",
        "dependencies": {}
      },
      "encodeurl@1.0.2": {
        "integrity": "sha512-TPJXq8JqFaVYm2CWmPvnP2Iyo4ZSM7/QKcSmuMLDObfpH5fi7RUGmd/rTDf+rut/saiDiQEeVTNgAmJEdAOx0w==",
        "dependencies": {}
      },
      "escape-html@1.0.3": {
        "integrity": "sha512-NiSupZ4OeuGwr68lGIeym/ksIZMJodUGOSCZ/FSnTxcrekbvqrgdUxlJOMpijaKZVjAJrWrGs/6Jy8OMuyj9ow==",
        "dependencies": {}
      },
      "etag@1.8.1": {
        "integrity": "sha512-aIL5Fx7mawVa300al2BnEE4iNvo1qETxLrPI/o05L7z6go7fCw1J6EQmbK4FmJ2AS7kgVF/KEZWufBfdClMcPg==",
        "dependencies": {}
      },
      "express@4.18.2": {
        "integrity": "sha512-5/PsL6iGPdfQ/lKM1UuielYgv3BUoJfz1aUwU9vHZ+J7gyvwdQXFEBIEIaxeGf0GIcreATNyBExtalisDbuMqQ==",
        "dependencies": {
          "accepts": "accepts@1.3.8",
          "array-flatten": "array-flatten@1.1.1",
          "body-parser": "body-parser@1.20.1",
          "content-disposition": "content-disposition@0.5.4",
          "content-type": "content-type@1.0.5",
          "cookie": "cookie@0.5.0",
          "cookie-signature": "cookie-signature@1.0.6",
          "debug": "debug@2.6.9",
          "depd": "depd@2.0.0",
          "encodeurl": "encodeurl@1.0.2",
          "escape-html": "escape-html@1.0.3",
          "etag": "etag@1.8.1",
          "finalhandler": "finalhandler@1.2.0",
          "fresh": "fresh@0.5.2",
          "http-errors": "http-errors@2.0.0",
          "merge-descriptors": "merge-descriptors@1.0.1",
          "methods": "methods@1.1.2",
          "on-finished": "on-finished@2.4.1",
          "parseurl": "parseurl@1.3.3",
          "path-to-regexp": "path-to-regexp@0.1.7",
          "proxy-addr": "proxy-addr@2.0.7",
          "qs": "qs@6.11.0",
          "range-parser": "range-parser@1.2.1",
          "safe-buffer": "safe-buffer@5.2.1",
          "send": "send@0.18.0",
          "serve-static": "serve-static@1.15.0",
          "setprototypeof": "setprototypeof@1.2.0",
          "statuses": "statuses@2.0.1",
          "type-is": "type-is@1.6.18",
          "utils-merge": "utils-merge@1.0.1",
          "vary": "vary@1.1.2"
        }
      },
      "finalhandler@1.2.0": {
        "integrity": "sha512-5uXcUVftlQMFnWC9qu/svkWv3GTd2PfUhK/3PLkYNAe7FbqJMt3515HaxE6eRL74GdsriiwujiawdaB1BpEISg==",
        "dependencies": {
          "debug": "debug@2.6.9",
          "encodeurl": "encodeurl@1.0.2",
          "escape-html": "escape-html@1.0.3",
          "on-finished": "on-finished@2.4.1",
          "parseurl": "parseurl@1.3.3",
          "statuses": "statuses@2.0.1",
          "unpipe": "unpipe@1.0.0"
        }
      },
      "forwarded@0.2.0": {
        "integrity": "sha512-buRG0fpBtRHSTCOASe6hD258tEubFoRLb4ZNA6NxMVHNw2gOcwHo9wyablzMzOA5z9xA9L1KNjk/Nt6MT9aYow==",
        "dependencies": {}
      },
      "fresh@0.5.2": {
        "integrity": "sha512-zJ2mQYM18rEFOudeV4GShTGIQ7RbzA7ozbU9I/XBpm7kqgMywgmylMwXHxZJmkVoYkna9d2pVXVXPdYTP9ej8Q==",
        "dependencies": {}
      },
      "function-bind@1.1.2": {
        "integrity": "sha512-7XHNxH7qX9xG5mIwxkhumTox/MIRNcOgDrxWsMt2pAr23WHp6MrRlN7FBSFpCpr+oVO0F744iUgR82nJMfG2SA==",
        "dependencies": {}
      },
      "get-intrinsic@1.2.1": {
        "integrity": "sha512-2DcsyfABl+gVHEfCOaTrWgyt+tb6MSEGmKq+kI5HwLbIYgjgmMcV8KQ41uaKz1xxUcn9tJtgFbQUEVcEbd0FYw==",
        "dependencies": {
          "function-bind": "function-bind@1.1.2",
          "has": "has@1.0.4",
          "has-proto": "has-proto@1.0.1",
          "has-symbols": "has-symbols@1.0.3"
        }
      },
      "has-proto@1.0.1": {
        "integrity": "sha512-7qE+iP+O+bgF9clE5+UoBFzE65mlBiVj3tKCrlNQ0Ogwm0BjpT/gK4SlLYDMybDh5I3TCTKnPPa0oMG7JDYrhg==",
        "dependencies": {}
      },
      "has-symbols@1.0.3": {
        "integrity": "sha512-l3LCuF6MgDNwTDKkdYGEihYjt5pRPbEg46rtlmnSPlUbgmB8LOIrKJbYYFBSbnPaJexMKtiPO8hmeRjRz2Td+A==",
        "dependencies": {}
      },
      "has@1.0.4": {
        "integrity": "sha512-qdSAmqLF6209RFj4VVItywPMbm3vWylknmB3nvNiUIs72xAimcM8nVYxYr7ncvZq5qzk9MKIZR8ijqD/1QuYjQ==",
        "dependencies": {}
      },
      "http-errors@2.0.0": {
        "integrity": "sha512-FtwrG/euBzaEjYeRqOgly7G0qviiXoJWnvEH2Z1plBdXgbyjv34pHTSb9zoeHMyDy33+DWy5Wt9Wo+TURtOYSQ==",
        "dependencies": {
          "depd": "depd@2.0.0",
          "inherits": "inherits@2.0.4",
          "setprototypeof": "setprototypeof@1.2.0",
          "statuses": "statuses@2.0.1",
          "toidentifier": "toidentifier@1.0.1"
        }
      },
      "iconv-lite@0.4.24": {
        "integrity": "sha512-v3MXnZAcvnywkTUEZomIActle7RXXeedOR31wwl7VlyoXO4Qi9arvSenNQWne1TcRwhCL1HwLI21bEqdpj8/rA==",
        "dependencies": {
          "safer-buffer": "safer-buffer@2.1.2"
        }
      },
      "inherits@2.0.4": {
        "integrity": "sha512-k/vGaX4/Yla3WzyMCvTQOXYeIHvqOKtnqBduzTHpzpQZzAskKMhZ2K+EnBiSM9zGSoIFeMpXKxa4dYeZIQqewQ==",
        "dependencies": {}
      },
      "ipaddr.js@1.9.1": {
        "integrity": "sha512-0KI/607xoxSToH7GjN1FfSbLoU0+btTicjsQSWQlh/hZykN8KpmMf7uYwPW3R+akZ6R/w18ZlXSHBYXiYUPO3g==",
        "dependencies": {}
      },
      "media-typer@0.3.0": {
        "integrity": "sha512-dq+qelQ9akHpcOl/gUVRTxVIOkAJ1wR3QAvb4RsVjS8oVoFjDGTc679wJYmUmknUF5HwMLOgb5O+a3KxfWapPQ==",
        "dependencies": {}
      },
      "merge-descriptors@1.0.1": {
        "integrity": "sha512-cCi6g3/Zr1iqQi6ySbseM1Xvooa98N0w31jzUYrXPX2xqObmFGHJ0tQ5u74H3mVh7wLouTseZyYIq39g8cNp1w==",
        "dependencies": {}
      },
      "methods@1.1.2": {
        "integrity": "sha512-iclAHeNqNm68zFtnZ0e+1L2yUIdvzNoauKU4WBA3VvH/vPFieF7qfRlwUZU+DA9P9bPXIS90ulxoUoCH23sV2w==",
        "dependencies": {}
      },
      "mime-db@1.52.0": {
        "integrity": "sha512-sPU4uV7dYlvtWJxwwxHD0PuihVNiE7TyAbQ5SWxDCB9mUYvOgroQOwYQQOKPJ8CIbE+1ETVlOoK1UC2nU3gYvg==",
        "dependencies": {}
      },
      "mime-types@2.1.35": {
        "integrity": "sha512-ZDY+bPm5zTTF+YpCrAU9nK0UgICYPT0QtT1NZWFv4s++TNkcgVaT0g6+4R2uI4MjQjzysHB1zxuWL50hzaeXiw==",
        "dependencies": {
          "mime-db": "mime-db@1.52.0"
        }
      },
      "mime@1.6.0": {
        "integrity": "sha512-x0Vn8spI+wuJ1O6S7gnbaQg8Pxh4NNHb7KSINmEWKiPE4RKOplvijn+NkmYmmRgP68mc70j2EbeTFRsrswaQeg==",
        "dependencies": {}
      },
      "ms@2.0.0": {
        "integrity": "sha512-Tpp60P6IUJDTuOq/5Z8cdskzJujfwqfOTkrwIwj7IRISpnkJnT6SyJ4PCPnGMoFjC9ddhal5KVIYtAt97ix05A==",
        "dependencies": {}
      },
      "ms@2.1.3": {
        "integrity": "sha512-6FlzubTLZG3J2a/NVCAleEhjzq5oxgHyaCU9yYXvcLsvoVaHJq/s5xXI6/XXP6tz7R9xAOtHnSO/tXtF3WRTlA==",
        "dependencies": {}
      },
      "negotiator@0.6.3": {
        "integrity": "sha512-+EUsqGPLsM+j/zdChZjsnX51g4XrHFOIXwfnCVPGlQk/k5giakcKsuxCObBRu6DSm9opw/O6slWbJdghQM4bBg==",
        "dependencies": {}
      },
      "object-inspect@1.13.0": {
        "integrity": "sha512-HQ4J+ic8hKrgIt3mqk6cVOVrW2ozL4KdvHlqpBv9vDYWx9ysAgENAdvy4FoGF+KFdhR7nQTNm5J0ctAeOwn+3g==",
        "dependencies": {}
      },
      "on-finished@2.4.1": {
        "integrity": "sha512-oVlzkg3ENAhCk2zdv7IJwd/QUD4z2RxRwpkcGY8psCVcCYZNq4wYnVWALHM+brtuJjePWiYF/ClmuDr8Ch5+kg==",
        "dependencies": {
          "ee-first": "ee-first@1.1.1"
        }
      },
      "parseurl@1.3.3": {
        "integrity": "sha512-CiyeOxFT/JZyN5m0z9PfXw4SCBJ6Sygz1Dpl0wqjlhDEGGBP1GnsUVEL0p63hoG1fcj3fHynXi9NYO4nWOL+qQ==",
        "dependencies": {}
      },
      "path-to-regexp@0.1.7": {
        "integrity": "sha512-5DFkuoqlv1uYQKxy8omFBeJPQcdoE07Kv2sferDCrAq1ohOU+MSDswDIbnx3YAM60qIOnYa53wBhXW0EbMonrQ==",
        "dependencies": {}
      },
      "proxy-addr@2.0.7": {
        "integrity": "sha512-llQsMLSUDUPT44jdrU/O37qlnifitDP+ZwrmmZcoSKyLKvtZxpyV0n2/bD/N4tBAAZ/gJEdZU7KMraoK1+XYAg==",
        "dependencies": {
          "forwarded": "forwarded@0.2.0",
          "ipaddr.js": "ipaddr.js@1.9.1"
        }
      },
      "qs@6.11.0": {
        "integrity": "sha512-MvjoMCJwEarSbUYk5O+nmoSzSutSsTwF85zcHPQ9OrlFoZOYIjaqBAJIqIXjptyD5vThxGq52Xu/MaJzRkIk4Q==",
        "dependencies": {
          "side-channel": "side-channel@1.0.4"
        }
      },
      "range-parser@1.2.1": {
        "integrity": "sha512-Hrgsx+orqoygnmhFbKaHE6c296J+HTAQXoxEF6gNupROmmGJRoyzfG3ccAveqCBrwr/2yxQ5BVd/GTl5agOwSg==",
        "dependencies": {}
      },
      "raw-body@2.5.1": {
        "integrity": "sha512-qqJBtEyVgS0ZmPGdCFPWJ3FreoqvG4MVQln/kCgF7Olq95IbOp0/BWyMwbdtn4VTvkM8Y7khCQ2Xgk/tcrCXig==",
        "dependencies": {
          "bytes": "bytes@3.1.2",
          "http-errors": "http-errors@2.0.0",
          "iconv-lite": "iconv-lite@0.4.24",
          "unpipe": "unpipe@1.0.0"
        }
      },
      "safe-buffer@5.2.1": {
        "integrity": "sha512-rp3So07KcdmmKbGvgaNxQSJr7bGVSVk5S9Eq1F+ppbRo70+YeaDxkw5Dd8NPN+GD6bjnYm2VuPuCXmpuYvmCXQ==",
        "dependencies": {}
      },
      "safer-buffer@2.1.2": {
        "integrity": "sha512-YZo3K82SD7Riyi0E1EQPojLz7kpepnSQI9IyPbHHg1XXXevb5dJI7tpyN2ADxGcQbHG7vcyRHk0cbwqcQriUtg==",
        "dependencies": {}
      },
      "send@0.18.0": {
        "integrity": "sha512-qqWzuOjSFOuqPjFe4NOsMLafToQQwBSOEpS+FwEt3A2V3vKubTquT3vmLTQpFgMXp8AlFWFuP1qKaJZOtPpVXg==",
        "dependencies": {
          "debug": "debug@2.6.9",
          "depd": "depd@2.0.0",
          "destroy": "destroy@1.2.0",
          "encodeurl": "encodeurl@1.0.2",
          "escape-html": "escape-html@1.0.3",
          "etag": "etag@1.8.1",
          "fresh": "fresh@0.5.2",
          "http-errors": "http-errors@2.0.0",
          "mime": "mime@1.6.0",
          "ms": "ms@2.1.3",
          "on-finished": "on-finished@2.4.1",
          "range-parser": "range-parser@1.2.1",
          "statuses": "statuses@2.0.1"
        }
      },
      "serve-static@1.15.0": {
        "integrity": "sha512-XGuRDNjXUijsUL0vl6nSD7cwURuzEgglbOaFuZM9g3kwDXOWVTck0jLzjPzGD+TazWbboZYu52/9/XPdUgne9g==",
        "dependencies": {
          "encodeurl": "encodeurl@1.0.2",
          "escape-html": "escape-html@1.0.3",
          "parseurl": "parseurl@1.3.3",
          "send": "send@0.18.0"
        }
      },
      "setprototypeof@1.2.0": {
        "integrity": "sha512-E5LDX7Wrp85Kil5bhZv46j8jOeboKq5JMmYM3gVGdGH8xFpPWXUMsNrlODCrkoxMEeNi/XZIwuRvY4XNwYMJpw==",
        "dependencies": {}
      },
      "side-channel@1.0.4": {
        "integrity": "sha512-q5XPytqFEIKHkGdiMIrY10mvLRvnQh42/+GoBlFW3b2LXLE2xxJpZFdm94we0BaoV3RwJyGqg5wS7epxTv0Zvw==",
        "dependencies": {
          "call-bind": "call-bind@1.0.2",
          "get-intrinsic": "get-intrinsic@1.2.1",
          "object-inspect": "object-inspect@1.13.0"
        }
      },
      "statuses@2.0.1": {
        "integrity": "sha512-RwNA9Z/7PrK06rYLIzFMlaF+l73iwpzsqRIFgbMLbTcLD6cOao82TaWefPXQvB2fOC4AjuYSEndS7N/mTCbkdQ==",
        "dependencies": {}
      },
      "toidentifier@1.0.1": {
        "integrity": "sha512-o5sSPKEkg/DIQNmH43V0/uerLrpzVedkUh8tGNvaeXpfpuwjKenlSox/2O/BTlZUtEe+JG7s5YhEz608PlAHRA==",
        "dependencies": {}
      },
      "type-is@1.6.18": {
        "integrity": "sha512-TkRKr9sUTxEH8MdfuCSP7VizJyzRNMjj2J2do2Jr3Kym598JVdEksuzPQCnlFPW4ky9Q+iA+ma9BGm06XQBy8g==",
        "dependencies": {
          "media-typer": "media-typer@0.3.0",
          "mime-types": "mime-types@2.1.35"
        }
      },
      "unpipe@1.0.0": {
        "integrity": "sha512-pjy2bYhSsufwWlKwPc+l3cN7+wuJlK6uz0YdJEOlQDbl6jo/YlPi4mb8agUkVC8BF7V8NuzeyPNqRksA3hztKQ==",
        "dependencies": {}
      },
      "utils-merge@1.0.1": {
        "integrity": "sha512-pMZTvIkT1d+TFGvDOqodOclx0QWkkgi6Tdoa8gC8ffGAAqz9pzPTZWAybbsHHoED/ztMtkv/VoYTYyShUn81hA==",
        "dependencies": {}
      },
      "vary@1.1.2": {
        "integrity": "sha512-BNGbWLfd0eUPabhkXUVm0j8uuvREyTh5ovRa/dyow/BqAbZJyC+5fU+IzQOzmAKzYqYRAISoRhdQr3eIZ/PXqg==",
        "dependencies": {}
      }
    }
  },
  "redirects": {
    "https://deno.land/x/bytes_formater/mod.ts": "https://deno.land/x/bytes_formater@v1.4.0/mod.ts",
    "https://deno.land/x/dotenv/mod.ts": "https://deno.land/x/dotenv@v3.2.2/mod.ts",
    "https://deno.land/x/mongo/mod.ts": "https://deno.land/x/mongo@v0.32.0/mod.ts"
  },
  "remote": {
    "https://cdn.skypack.dev/-/bson@v6.4.0-apElpmD1dYSltNks44VT/dist=es2019,mode=imports/optimized/bson.js": "264f91c208c567a9a870f54cca3d0cfa26a0693634116e3c97f3b991bfe993d5",
    "https://cdn.skypack.dev/bson": "b1f36f7d09931e354d14acccb07322371d523ece04740774cf65f252f76a547a",
    "https://deno.land/std@0.154.0/_util/assert.ts": "e94f2eb37cebd7f199952e242c77654e43333c1ac4c5c700e929ea3aa5489f74",
    "https://deno.land/std@0.154.0/_wasm_crypto/lib/deno_std_wasm_crypto.generated.mjs": "dfcd6777d05345362c70f9f2c49abba3ed3f925fccfcf725abe2d16d51819433",
    "https://deno.land/std@0.154.0/_wasm_crypto/mod.ts": "6c60d332716147ded0eece0861780678d51b560f533b27db2e15c64a4ef83665",
    "https://deno.land/std@0.154.0/async/deferred.ts": "c01de44b9192359cebd3fe93273fcebf9e95110bf3360023917da9a2d1489fae",
    "https://deno.land/std@0.154.0/bytes/bytes_list.ts": "aba5e2369e77d426b10af1de0dcc4531acecec27f9b9056f4f7bfbf8ac147ab4",
    "https://deno.land/std@0.154.0/bytes/equals.ts": "3c3558c3ae85526f84510aa2b48ab2ad7bdd899e2e0f5b7a8ffc85acb3a6043a",
    "https://deno.land/std@0.154.0/bytes/mod.ts": "763f97d33051cc3f28af1a688dfe2830841192a9fea0cbaa55f927b49d49d0bf",
    "https://deno.land/std@0.154.0/crypto/_fnv/fnv32.ts": "aa9bddead8c6345087d3abd4ef35fb9655622afc333fc41fff382b36e64280b5",
    "https://deno.land/std@0.154.0/crypto/_fnv/fnv64.ts": "625d7e7505b6cb2e9801b5fd6ed0a89256bac12b2bbb3e4664b85a88b0ec5bef",
    "https://deno.land/std@0.154.0/crypto/_fnv/index.ts": "a8f6a361b4c6d54e5e89c16098f99b6962a1dd6ad1307dbc97fa1ecac5d7060a",
    "https://deno.land/std@0.154.0/crypto/_fnv/util.ts": "4848313bed7f00f55be3cb080aa0583fc007812ba965b03e4009665bde614ce3",
    "https://deno.land/std@0.154.0/crypto/keystack.ts": "e481eed28007395e554a435e880fee83a5c73b9259ed8a135a75e4b1e4f381f7",
    "https://deno.land/std@0.154.0/crypto/mod.ts": "0ef11f063cd0f9759485a3c9051e15125e1bde3b47c23b47e79b6e13cfcf9481",
    "https://deno.land/std@0.154.0/crypto/timing_safe_equal.ts": "82a29b737bc8932d75d7a20c404136089d5d23629e94ba14efa98a8cc066c73e",
    "https://deno.land/std@0.154.0/encoding/base64.ts": "c57868ca7fa2fbe919f57f88a623ad34e3d970d675bdc1ff3a9d02bba7409db2",
    "https://deno.land/std@0.154.0/encoding/base64url.ts": "a5f82a9fa703bd85a5eb8e7c1296bc6529e601ebd9642cc2b5eaa6b38fa9e05a",
    "https://deno.land/std@0.154.0/encoding/hex.ts": "4cc5324417cbb4ac9b828453d35aed45b9cc29506fad658f1f138d981ae33795",
    "https://deno.land/std@0.154.0/fmt/colors.ts": "ff7dc9c9f33a72bd48bc24b21bbc1b4545d8494a431f17894dbc5fe92a938fc4",
    "https://deno.land/std@0.154.0/io/buffer.ts": "fae02290f52301c4e0188670e730cd902f9307fb732d79c4aa14ebdc82497289",
    "https://deno.land/std@0.154.0/io/files.ts": "d199ef64e918a256320ba8d8d44ae91de87c9077df8f8d6cca013f1b9fbbe285",
    "https://deno.land/std@0.154.0/io/mod.ts": "33507cf2460ab67d0d90fb5749fa6fecb33897642b49d54a6bb1ac81e4768f69",
    "https://deno.land/std@0.154.0/io/readers.ts": "45847ad404afd2f605eae1cff193f223462bc55eeb9ae313c2f3db28aada0fd6",
    "https://deno.land/std@0.154.0/io/streams.ts": "988a19155b52161f0035ce539e2f1d12edbc4c389fa7633da832a64e6edbe1a0",
    "https://deno.land/std@0.154.0/io/util.ts": "078da53bba767bec0d45f7da44411f6dbf269e51ef7fcfea5e3714e04681c674",
    "https://deno.land/std@0.154.0/io/writers.ts": "2e1c63ffd0cfba411b1fd8374609abff9ea86187c9d4d885d42e6fc20325ef0e",
    "https://deno.land/std@0.154.0/streams/conversion.ts": "fc4eb76a14148c43f0b85e903a5a1526391aa40ed9434dc21e34f88304eb823e",
    "https://deno.land/std@0.154.0/testing/_diff.ts": "141f978a283defc367eeee3ff7b58aa8763cf7c8e0c585132eae614468e9d7b8",
    "https://deno.land/std@0.154.0/testing/_format.ts": "cd11136e1797791045e639e9f0f4640d5b4166148796cad37e6ef75f7d7f3832",
    "https://deno.land/std@0.154.0/testing/asserts.ts": "ac295f7fd22a7af107580e2475402a8c386cb1bf18bf837ae266ac0665786026",
    "https://deno.land/std@0.218.0/dotenv/mod.ts": "0180eaeedaaf88647318811cdaa418cc64dc51fb08354f91f5f480d0a1309f7d",
    "https://deno.land/std@0.218.0/dotenv/parse.ts": "a49ed243bd62ec26f38614042cda4e5e3a47b18337c93b0f9f8556a5c918884b",
    "https://deno.land/std@0.218.0/dotenv/stringify.ts": "0047ad7068289735d08964046aea267a750c141b494ca0e38831b89be6c020c2",
    "https://deno.land/std@0.77.0/fmt/colors.ts": "c5665c66f1a67228f21c5989bbb04b36d369b98dd7ceac06f5e26856c81c2531",
    "https://deno.land/std@0.83.0/_util/assert.ts": "e1f76e77c5ccb5a8e0dbbbe6cce3a56d2556c8cb5a9a8802fc9565af72462149",
    "https://deno.land/std@0.83.0/async/deferred.ts": "ecdb71319e164ec4ace5a44e3ee991b52c21bfc19e498acdf8eccdc0b1184f70",
    "https://deno.land/std@0.83.0/async/delay.ts": "35957d585a6e3dd87706858fb1d6b551cb278271b03f52c5a2cb70e65e00c26a",
    "https://deno.land/std@0.83.0/async/mod.ts": "39f2602a005805dd1e6b9da4ee5391b14d15e8fec4fa5494a6165c599911d746",
    "https://deno.land/std@0.83.0/async/mux_async_iterator.ts": "2532c6f448fda34db7ab9504746db671c32425dd4ffa96eeb9df744c3038c106",
    "https://deno.land/std@0.83.0/async/pool.ts": "a499691231d8c249f044f69d204b479ad3af7f115e0b37342829eff076bc2450",
    "https://deno.land/std@0.83.0/bytes/mod.ts": "e4f91c6473fe13e3cf1a23649137f87f49135c10bc08fc0f83382a0fb0b03744",
    "https://deno.land/std@0.83.0/encoding/base64.ts": "b1d8f99b778981548457ec74bc6273ad785ffd6f61b2233bd5b30925345b565d",
    "https://deno.land/std@0.83.0/encoding/hex.ts": "fa01b16414c8e04caa0055f2d8c4610a3ec714a04315d0afe6956e07d501e11d",
    "https://deno.land/std@0.83.0/encoding/utf8.ts": "1b7e77db9a12363c67872f8a208886ca1329f160c1ca9133b13d2ed399688b99",
    "https://deno.land/std@0.83.0/fmt/colors.ts": "c5665c66f1a67228f21c5989bbb04b36d369b98dd7ceac06f5e26856c81c2531",
    "https://deno.land/std@0.83.0/hash/_wasm/hash.ts": "005f64c4d9343ecbc91e0da9ae5e800f146c20930ad829bbb872c5c06bd89c5f",
    "https://deno.land/std@0.83.0/hash/_wasm/wasm.js": "fa27095b91e6268682100997577f1d3478beab5b045777e27ff7b2b5d19c8fdc",
    "https://deno.land/std@0.83.0/hash/mod.ts": "e764a6a9ab2f5519a97f928e17cc13d984e3dd5c7f742ff9c1c8fb3114790f0c",
    "https://deno.land/std@0.83.0/hash/sha1.ts": "5aa9abaace21e3f00f14ead6c949713ee43d242c6ed2fc76acecdce9e8a346b5",
    "https://deno.land/std@0.83.0/hash/sha256.ts": "1025d54d0a307f941380de0e7264054a0076a323ea3cff64171f9fdd81f011d8",
    "https://deno.land/std@0.83.0/io/bufio.ts": "3cbbe1f761c1c636d1e7128ed4e7fdca6bf21d9199aa3cae71e69972a6ae8f93",
    "https://deno.land/std@0.83.0/io/ioutil.ts": "b781afd113a7d29c88c3d88efec391a0446c3e6537b74f795dd8579339ae8a5f",
    "https://deno.land/std@0.83.0/io/mod.ts": "42d24674d7c26a0701172e6f984284d2ec83eede0d27eccc06460370df1a3f2e",
    "https://deno.land/std@0.83.0/io/readers.ts": "4c2e98abf2a2a1d5e2adaf460479a1c69f742951c1bc141b26654d2f5248b663",
    "https://deno.land/std@0.83.0/io/streams.ts": "2b354ad6edf22b287ea8cb28737ab2769797d3fa7cc84664137b9cacd5929607",
    "https://deno.land/std@0.83.0/io/writers.ts": "9b7f16ccd75a790a9dfb44578a11d833a863f4478811bce382645b634f2f9213",
    "https://deno.land/std@0.83.0/node/_crypto/constants.ts": "f2426a2569c64b8fab49eddd58cb8a4cef4937cc41358ac0a9ad268435371832",
    "https://deno.land/std@0.83.0/node/_crypto/pbkdf2.ts": "a5f4d281abb77ad97e89ee4e027e89f866773f8286b3a276fca70666997021e4",
    "https://deno.land/std@0.83.0/node/_crypto/types.ts": "a30809e13b3365d3d7ccd91cc48206f60bc3b8f25df15671b93c252818aa86d2",
    "https://deno.land/std@0.83.0/node/_utils.ts": "e87f88c2f6e235d724cc68e9d835d6b48a9ec9c6bfa3ea173bbd94ac5d1109d9",
    "https://deno.land/std@0.83.0/node/buffer.ts": "d8ea34073b5f1cee77e696d4be110e4e73e8fec55b20cd974b798cf42b71df6c",
    "https://deno.land/std@0.83.0/testing/_diff.ts": "9656b2dbe0a76684e705375fd03bfe0108e9e00845ccb9e47abff52f156fe4e8",
    "https://deno.land/std@0.83.0/testing/asserts.ts": "a8d30ca52b1bf4f928c521e80b58d04ed3930b9507c598cfffd1ecedf3f6eaf2",
    "https://deno.land/x/bytes_formater@v1.4.0/deps.ts": "4f98f74e21145423b873a5ca6ead66dc3e674fa81e230a0a395f9b86aafeceea",
    "https://deno.land/x/bytes_formater@v1.4.0/format.ts": "657c41b9f180c3ed0f934dcf75f77b09b6a610be98bb07525bffe2acfd5af4d5",
    "https://deno.land/x/bytes_formater@v1.4.0/mod.ts": "c6bf35303f53d74e9134eb13f666fb388fb4c62c6b12b17542bbadade250a864",
    "https://deno.land/x/dotenv@v3.2.0/mod.ts": "077b48773de9205266a0b44c3c3a3c3083449ed64bb0b6cc461b95720678d38e",
    "https://deno.land/x/dotenv@v3.2.0/util.ts": "693730877b13f8ead2b79b2aa31e2a0652862f7dc0c5f6d2f313f4d39c7b7670",
    "https://deno.land/x/dotenv@v3.2.2/mod.ts": "077b48773de9205266a0b44c3c3a3c3083449ed64bb0b6cc461b95720678d38e",
    "https://deno.land/x/dotenv@v3.2.2/util.ts": "693730877b13f8ead2b79b2aa31e2a0652862f7dc0c5f6d2f313f4d39c7b7670",
    "https://deno.land/x/mongo@v0.21.0/bson/mod.ts": "4cfbe6273e120e74e75dacf5a6ee5eee360fa900ceee9240892cd8e03f160ebf",
    "https://deno.land/x/mongo@v0.21.0/deps.ts": "64735636cf6e9981c7df47bf5676d9965a98474ca8365a984b575f63cd790113",
    "https://deno.land/x/mongo@v0.21.0/mod.ts": "73e92d8acf2ccd7caebb6cdf2202545461daba6d0e781c6095d3eb1964f52f71",
    "https://deno.land/x/mongo@v0.21.0/src/auth/base.ts": "b62f7e275c742174239362524710de8381bc3e4d05406d16c8d8be42240c7bd5",
    "https://deno.land/x/mongo@v0.21.0/src/auth/mod.ts": "5c1183ebdd9c86f47254557764027b2da4e90c3f2221c4df540de36ceed81ceb",
    "https://deno.land/x/mongo@v0.21.0/src/auth/scram.ts": "4ecdc5ba6106b28f2abb1c2e13bda34441c90e4698341643e8e34ab41de96bcc",
    "https://deno.land/x/mongo@v0.21.0/src/client.ts": "dc88e40e2838c1f9f480133186fd998a8ffd83d23817dcd4fa7a16fa3b1818eb",
    "https://deno.land/x/mongo@v0.21.0/src/collection/collection.ts": "b725a8b7d92c3d4e7edb67a27679db4733d9e24b318d6efe02b29aace8ffceec",
    "https://deno.land/x/mongo@v0.21.0/src/collection/commands/aggregate.ts": "9ed10eacbdcd61c020d91b831d4bffa75afd3c4c272fa69e1aaf77bc339d526f",
    "https://deno.land/x/mongo@v0.21.0/src/collection/commands/find.ts": "247e00d69efef7c6f33a82cb2055cc27e00e7e9dd5232a5cb9d6e65a64c1bbbe",
    "https://deno.land/x/mongo@v0.21.0/src/collection/commands/listIndexes.ts": "d32a5120305d0547497026b4f5ab2ecc2f40ff7f44c405b99c2a0287765333f5",
    "https://deno.land/x/mongo@v0.21.0/src/collection/commands/update.ts": "314eb06bf0fc50d0f4185031e516b99ab266f71afc605e9b273d04979f5650e2",
    "https://deno.land/x/mongo@v0.21.0/src/collection/mod.ts": "bd791a0b9b46be4365f88c54893584eadec2f8cd799db9eb05e0b5b4c8d72b8e",
    "https://deno.land/x/mongo@v0.21.0/src/database.ts": "1594b4102f464d928a3db1d254c263ce34e57c034f1f0f37fbd9a58b160e9e3c",
    "https://deno.land/x/mongo@v0.21.0/src/error.ts": "5018b430dcef3e09f31cb3a96297c206a324e3da4d3a293ff0c286b8ce75327b",
    "https://deno.land/x/mongo@v0.21.0/src/protocol/cursor.ts": "73ebe026761479110e04b608dfd185ed38e12d41997c02db661fe227c6b9633f",
    "https://deno.land/x/mongo@v0.21.0/src/protocol/handshake.ts": "3f86dcded4c157c8168b837e0638b1c50a2d44c9ac09d7de9e50ff652428f94e",
    "https://deno.land/x/mongo@v0.21.0/src/protocol/header.ts": "199644f421c3d8208365505c77af695fc03abb63d85328b531b8e3d2750d4265",
    "https://deno.land/x/mongo@v0.21.0/src/protocol/message.ts": "302cbbff1f0de54853b5466e57421a152e95b148b89bbe88d65da8327508f631",
    "https://deno.land/x/mongo@v0.21.0/src/protocol/mod.ts": "4e24d563049c0a236234598ca786ca13778dc17fdb80ac543ac6c75d0c5094d7",
    "https://deno.land/x/mongo@v0.21.0/src/protocol/protocol.ts": "9f1cb038406d9789fc183a76b830434ce8ab12a1d33a85905265e7ef11354579",
    "https://deno.land/x/mongo@v0.21.0/src/types.ts": "9b523633ae981a005c2a3d3bfbc2cae49fdaaed412f4a5c419c1f08484204181",
    "https://deno.land/x/mongo@v0.21.0/src/utils/bson.ts": "29136bc16b8327ecc8ddabbd82c0ceb65038c24d603b9d0f04b5aa5668d1a108",
    "https://deno.land/x/mongo@v0.21.0/src/utils/ns.ts": "fb0c57b8dc4d31f8993112d267dec3c163d3e8862198d1cd03b2b51bcc3caad9",
    "https://deno.land/x/mongo@v0.21.0/src/utils/saslprep/deps.ts": "95ceb81b353110526dacf2a98854bc79d6e17d7f173af8806e91c05555d7b8c7",
    "https://deno.land/x/mongo@v0.21.0/src/utils/saslprep/loadCodePoints.ts": "c574e36e1805ea338257a0113bebec1c02a8b90f9e9eb4250f140c8de5da1a38",
    "https://deno.land/x/mongo@v0.21.0/src/utils/saslprep/memory_pager.ts": "6a8a157fd4b355e59058baa323c4c10a95065ff28218c69f25a0bf2c64154178",
    "https://deno.land/x/mongo@v0.21.0/src/utils/saslprep/mod.ts": "3a01678204d6a3179df82ab260f5f4ddfb788a251efba2c28120461847c4afce",
    "https://deno.land/x/mongo@v0.21.0/src/utils/saslprep/sparse_bitfield.ts": "fd18ef15e23e9bc66eca0f70ef0e72914d33c26af6efaad431c0b0562cb24ddf",
    "https://deno.land/x/mongo@v0.21.0/src/utils/uri.ts": "9e1cdd5ae5e955c82c1423ab840566555bd2e92822b5f056a701d5430639df44",
    "https://deno.land/x/mongo@v0.32.0/deps.ts": "1b53a32fbc115195d74ab78e7d21026ea4b6590e5b558b388017cc1a9b8181e6",
    "https://deno.land/x/mongo@v0.32.0/mod.ts": "0989f34d08c40440b8786140abdaf863e964e23df5d1a80e661d3d4170d9d21e",
    "https://deno.land/x/mongo@v0.32.0/src/auth/base.ts": "7fe14cf0a63d6bbc4ba69a000a04b3b184d26842504d94652a6af2d0c9494944",
    "https://deno.land/x/mongo@v0.32.0/src/auth/mod.ts": "b161611bd5be9e9d1b4497227c8ea93ad4daadcd98038c9e5a707bc5da7a25ca",
    "https://deno.land/x/mongo@v0.32.0/src/auth/pbkdf2.ts": "1f1db192fd37869d118ab34780b64567ebcf0ad83a03ef28b3d740cae9adb47a",
    "https://deno.land/x/mongo@v0.32.0/src/auth/scram.ts": "187db02e94e7e5423ec902e87d6839028770dca57830dca7f154dcd22a959c0f",
    "https://deno.land/x/mongo@v0.32.0/src/auth/x509.ts": "a75b27c549707dd441434ae400a3e6a24da7fe7d4e0e80c9bb79dfc6426b651e",
    "https://deno.land/x/mongo@v0.32.0/src/client.ts": "368cac10b3df3bfbc2dfba468d1bbd1332c359a643e0bb81a13d7220a58b43ff",
    "https://deno.land/x/mongo@v0.32.0/src/cluster.ts": "cff69bf284a5c7fcaff231494f1ab56ca652e725e58622723e402fbb61448d0e",
    "https://deno.land/x/mongo@v0.32.0/src/collection/collection.ts": "6748479b4e9992f9f2ce8e22f891f8917349c1a0e53cb89da5a66cf2b44b9016",
    "https://deno.land/x/mongo@v0.32.0/src/collection/commands/aggregate.ts": "440906a670adb46edb36fd95573ffa83f192775108b621520be992165910e895",
    "https://deno.land/x/mongo@v0.32.0/src/collection/commands/find.ts": "5c3b750d8c82ce08d865a381bc71f600406cbc4912c4aa689238755579fb71f8",
    "https://deno.land/x/mongo@v0.32.0/src/collection/commands/list_indexes.ts": "d32a5120305d0547497026b4f5ab2ecc2f40ff7f44c405b99c2a0287765333f5",
    "https://deno.land/x/mongo@v0.32.0/src/collection/commands/update.ts": "cf352108a5dd34f0928c2196a432383d366b8ed292676c71358b9ecf1289418d",
    "https://deno.land/x/mongo@v0.32.0/src/collection/mod.ts": "bd791a0b9b46be4365f88c54893584eadec2f8cd799db9eb05e0b5b4c8d72b8e",
    "https://deno.land/x/mongo@v0.32.0/src/database.ts": "c7b677beddd3eb16f79e8d3c9473b5f86e45541b8a04cc896aabe04d029fa7a0",
    "https://deno.land/x/mongo@v0.32.0/src/error.ts": "8180a822b0831a94a6a28815865b5b40e3996220684bea60fcb81b272ddd06eb",
    "https://deno.land/x/mongo@v0.32.0/src/gridfs/bucket.ts": "a4452d63f6928f57486a214a499b54b80b98cc0d13e3d85a6841b34d5ff12a61",
    "https://deno.land/x/mongo@v0.32.0/src/gridfs/indexes.ts": "7d302114fb4d81c4a873614a51d11ddb8b471f967179dddb8269c39b3cadf4e3",
    "https://deno.land/x/mongo@v0.32.0/src/gridfs/upload.ts": "6a54a21b00c6f22ad0da6ceef7a2932dc600560f594c2551abd8e4a64976abae",
    "https://deno.land/x/mongo@v0.32.0/src/protocol/cursor.ts": "c370a28856fa236129cc2d7abf7ebc4ac6cdd60acb93e0e7371433f7332394cb",
    "https://deno.land/x/mongo@v0.32.0/src/protocol/handshake.ts": "3c3ba547d5322751b9756ce9a4750f3cf18febee0a64edca5b007634bd80e0fe",
    "https://deno.land/x/mongo@v0.32.0/src/protocol/header.ts": "0f28db842f886e57b7013606c1391affab2e2960a1a4568d2502e7b788117716",
    "https://deno.land/x/mongo@v0.32.0/src/protocol/message.ts": "7b4e38489070fc6281d1b3f13e99504310f09273baa8bcb11d82b1e30ea04202",
    "https://deno.land/x/mongo@v0.32.0/src/protocol/mod.ts": "4e24d563049c0a236234598ca786ca13778dc17fdb80ac543ac6c75d0c5094d7",
    "https://deno.land/x/mongo@v0.32.0/src/protocol/protocol.ts": "92568dd86e6ef3f54054113d9f5620f158fc1dfee2a7c9d13623975835d5996a",
    "https://deno.land/x/mongo@v0.32.0/src/types.ts": "355c91b0abc0c77aa1f8fd0dcfcbc47505518f561b72d8fefd4a929b12bc7e48",
    "https://deno.land/x/mongo@v0.32.0/src/types/geojson.ts": "14690e2fa1591939253ddc9de181b0664051e9462db131b72be5fb9d064dff44",
    "https://deno.land/x/mongo@v0.32.0/src/types/geospatial.ts": "c73ee13536365fa5d868b65ab47b3488a5f223a67e1e059761886f750db70ef9",
    "https://deno.land/x/mongo@v0.32.0/src/types/gridfs.ts": "e1fd12c3ca58d437267e7a8557d745d23b9d8916d1da34c1847e5e373728dfa0",
    "https://deno.land/x/mongo@v0.32.0/src/types/read_write_concern.ts": "d00f35eb85520e776741888685d08d479766a19e9a0a970b53f4594c9db00496",
    "https://deno.land/x/mongo@v0.32.0/src/utils/ns.ts": "fb0c57b8dc4d31f8993112d267dec3c163d3e8862198d1cd03b2b51bcc3caad9",
    "https://deno.land/x/mongo@v0.32.0/src/utils/saslprep/deps.ts": "95ceb81b353110526dacf2a98854bc79d6e17d7f173af8806e91c05555d7b8c7",
    "https://deno.land/x/mongo@v0.32.0/src/utils/saslprep/load_code_points.ts": "f6a4ef2eb2345eac40ffbf1a30661cca803f399865f2a0fadafb71f57d4c97bf",
    "https://deno.land/x/mongo@v0.32.0/src/utils/saslprep/memory_pager.ts": "f55a79a13ec569c21630c3915a9af0c6fc0aa2b899121fa2a85a813c6dd4afba",
    "https://deno.land/x/mongo@v0.32.0/src/utils/saslprep/mod.ts": "0a8a39a0784d065a79c54ce63d7d7b103d0b94addc5b7bcf985517ba2442c8a1",
    "https://deno.land/x/mongo@v0.32.0/src/utils/saslprep/sparse_bitfield.ts": "07d6fe2ecd4ba5f711c44c1ae409bb9c1fe3a3cfc09e27434d231d4aae46dd2d",
    "https://deno.land/x/mongo@v0.32.0/src/utils/srv.ts": "ed5f78ffe6480faac68291a87e51e3674eff5f28aec937ee97248e99e1317b16",
    "https://deno.land/x/mongo@v0.32.0/src/utils/uri.ts": "dcfab8e1dcfcc875c75ada1d9f366664480c03b65594990d6342ed88925452e5",
    "https://deno.land/x/web_bson@v0.3.0/mod.js": "8e14aecd31ee63abd30e2dbaa284b4b67abb7ba51fcef5b96af74727cb7c7940"
  }
}
